
Microsoft Visual Studio Solution File, Format Version 12.00
# Visual Studio Version 17
VisualStudioVersion = 17.9.34310.174
MinimumVisualStudioVersion = 10.0.40219.1
Project("{2150E333-8FDC-42A3-9474-1A3956D46DE8}") = "ApiGateways", "ApiGateways", "{CACE05E7-F515-4629-AFBA-0F790285FE87}"
EndProject
Project("{2150E333-8FDC-42A3-9474-1A3956D46DE8}") = "Services", "Services", "{CE9970F0-A38C-47C0-9492-E6CA37D8E4BD}"
EndProject
Project("{2150E333-8FDC-42A3-9474-1A3956D46DE8}") = "Aggregators", "Aggregators", "{2F6CFB8C-28EB-4ACA-8D99-334C3B766A7B}"
EndProject
Project("{9A19103F-16F7-4668-BE54-9A1E7A4F7556}") = "Web.HttpAggregator.Abstraction", "src\ApiGateways\Aggregators\Web.HttpAggregator.Abstraction\Web.HttpAggregator.Abstraction.csproj", "{C673FF2E-4127-4796-A347-390C43BCEF5A}"
EndProject
Project("{9A19103F-16F7-4668-BE54-9A1E7A4F7556}") = "Web.HttpAggregator.Application", "src\ApiGateways\Aggregators\Web.HttpAggregator.Application\Web.HttpAggregator.Application.csproj", "{DEA3D429-50BA-4D22-BCA9-E6A5C6B2ABCD}"
EndProject
Project("{9A19103F-16F7-4668-BE54-9A1E7A4F7556}") = "Web.HttpAggregator.Api", "src\ApiGateways\Aggregators\Web.HttpAggregator.Api\Web.HttpAggregator.Api.csproj", "{219CC083-36DF-4FC0-B27D-C41187A23CFF}"
EndProject
Project("{2150E333-8FDC-42A3-9474-1A3956D46DE8}") = "Order", "Order", "{BE709C87-6594-4CBF-8798-B93076F20F73}"
EndProject
Project("{9A19103F-16F7-4668-BE54-9A1E7A4F7556}") = "Order.Abstraction", "src\Services\Order\Order.Abstraction\Order.Abstraction.csproj", "{24DD644F-168E-448C-A700-8C362F1D6495}"
EndProject
Project("{9A19103F-16F7-4668-BE54-9A1E7A4F7556}") = "Order.API", "src\Services\Order\Order.API\Order.API.csproj", "{49D68BC1-B61B-4125-AE72-D1E017E3A20C}"
EndProject
Project("{9A19103F-16F7-4668-BE54-9A1E7A4F7556}") = "Order.Application", "src\Services\Order\Order.Application\Order.Application.csproj", "{65DAE2B3-0AFE-4F5D-BB3A-7341FFFFA5F6}"
EndProject
Project("{9A19103F-16F7-4668-BE54-9A1E7A4F7556}") = "Order.Domain", "src\Services\Order\Order.Domain\Order.Domain.csproj", "{19C44592-1430-44D5-BC00-F7696AC959CF}"
EndProject
Project("{9A19103F-16F7-4668-BE54-9A1E7A4F7556}") = "Order.Infrastructure", "src\Services\Order\Order.Infrastructure\Order.Infrastructure.csproj", "{FF3FC04B-DCCC-45D4-9314-8DCFD7313AA9}"
EndProject
Project("{2150E333-8FDC-42A3-9474-1A3956D46DE8}") = "Product", "Product", "{AF75B5C0-B370-4FA9-8427-95166FCF4272}"
EndProject
Project("{9A19103F-16F7-4668-BE54-9A1E7A4F7556}") = "Product.Abstraction", "src\Services\Product\Product.Abstraction\Product.Abstraction.csproj", "{AB6CE179-4228-474F-A50E-9A903F5B8550}"
EndProject
Project("{9A19103F-16F7-4668-BE54-9A1E7A4F7556}") = "Product.API", "src\Services\Product\Product.API\Product.API.csproj", "{C0F43F68-B603-4268-9BD8-08D8DC5E1EB9}"
EndProject
Project("{9A19103F-16F7-4668-BE54-9A1E7A4F7556}") = "Product.Application", "src\Services\Product\Product.Application\Product.Application.csproj", "{2870B919-0568-44B4-881C-918AB8D765C3}"
EndProject
Project("{9A19103F-16F7-4668-BE54-9A1E7A4F7556}") = "Product.Domain", "src\Services\Product\Product.Domain\Product.Domain.csproj", "{3661F2A6-DD05-4169-8F5E-93D484DD6D14}"
EndProject
Project("{9A19103F-16F7-4668-BE54-9A1E7A4F7556}") = "Product.Infrastructure", "src\Services\Product\Product.Infrastructure\Product.Infrastructure.csproj", "{25E11207-8ED5-43FA-919A-7819D92C0651}"
EndProject
Project("{2150E333-8FDC-42A3-9474-1A3956D46DE8}") = "Basket", "Basket", "{F0353433-34FC-415D-8AC8-3BF9E038215B}"
EndProject
Project("{9A19103F-16F7-4668-BE54-9A1E7A4F7556}") = "Basket.Abstraction", "src\Services\Basket\Basket.Abstraction\Basket.Abstraction.csproj", "{4FF6331D-1D9E-46D9-AB1B-EB06163B6F81}"
EndProject
Project("{9A19103F-16F7-4668-BE54-9A1E7A4F7556}") = "Basket.API", "src\Services\Basket\Basket.API\Basket.API.csproj", "{4AE7F969-AC5B-4294-88E3-00F0DAD1CE1C}"
EndProject
Project("{9A19103F-16F7-4668-BE54-9A1E7A4F7556}") = "Basket.Application", "src\Services\Basket\Basket.Application\Basket.Application.csproj", "{829EC478-03EF-44D5-BE9A-1E76E62573DC}"
EndProject
Project("{9A19103F-16F7-4668-BE54-9A1E7A4F7556}") = "Basket.Domain", "src\Services\Basket\Basket.Domain\Basket.Domain.csproj", "{736F2136-9221-4501-BA8A-C31F875B5B22}"
EndProject
Project("{2150E333-8FDC-42A3-9474-1A3956D46DE8}") = "Payment", "Payment", "{11F63882-E103-4ED9-9F26-68597C5C2E8C}"
EndProject
Project("{9A19103F-16F7-4668-BE54-9A1E7A4F7556}") = "Payment.API", "src\Services\Payment\Payment.API\Payment.API.csproj", "{84158C5A-3189-4967-AC3A-3D9746085F79}"
EndProject
Project("{9A19103F-16F7-4668-BE54-9A1E7A4F7556}") = "Payment.Application", "src\Services\Payment\Payment.Application\Payment.Application.csproj", "{7331672A-CE50-4F92-810D-F828756256D8}"
EndProject
Project("{2150E333-8FDC-42A3-9474-1A3956D46DE8}") = "Framework", "Framework", "{462D9C95-D384-4C7D-A808-06497A28CE45}"
EndProject
Project("{9A19103F-16F7-4668-BE54-9A1E7A4F7556}") = "ECommers.Abstraction", "src\Framework\ECommers.Abstraction\ECommers.Abstraction.csproj", "{2E71DB44-B3B5-47C6-8D82-EF777F995D32}"
EndProject
Project("{9A19103F-16F7-4668-BE54-9A1E7A4F7556}") = "ECommers.Dapr", "ECommers.Dapr\ECommers.Dapr.csproj", "{DC48ECAB-31B6-44C7-85AF-7173378125DC}"
EndProject
Project("{9A19103F-16F7-4668-BE54-9A1E7A4F7556}") = "ECommers.Data", "src\Framework\ECommers.Data\ECommers.Data.csproj", "{275C8BD6-7BE0-4C66-9EDD-55A9A5438640}"
EndProject
Project("{E53339B2-1760-4266-BCC7-CA923CBCF16C}") = "docker-compose", "docker-compose.dcproj", "{C50F592F-E27D-46CC-8F42-9456A9CF8A5F}"
EndProject
Project("{2150E333-8FDC-42A3-9474-1A3956D46DE8}") = "Dapr", "Dapr", "{630BD580-CF15-48F0-BB36-A4BEAC9F5B49}"
EndProject
Project("{2150E333-8FDC-42A3-9474-1A3956D46DE8}") = "Components", "Components", "{52AE5725-11A0-4D10-AB97-B8D21C838988}"
	ProjectSection(SolutionItems) = preProject
		dapr\components\pubsub.yaml = dapr\components\pubsub.yaml
		dapr\components\statestore.yaml = dapr\components\statestore.yaml
	EndProjectSection
EndProject
Project("{2150E333-8FDC-42A3-9474-1A3956D46DE8}") = "Configuration", "Configuration", "{71BC7C0E-94D0-4FFD-BE76-A9CD9CF453A4}"
	ProjectSection(SolutionItems) = preProject
		dapr\configuration\config.yaml = dapr\configuration\config.yaml
	EndProjectSection
EndProject
Global
	GlobalSection(SolutionConfigurationPlatforms) = preSolution
		Debug|Any CPU = Debug|Any CPU
		Release|Any CPU = Release|Any CPU
	EndGlobalSection
	GlobalSection(ProjectConfigurationPlatforms) = postSolution
		{C673FF2E-4127-4796-A347-390C43BCEF5A}.Debug|Any CPU.ActiveCfg = Debug|Any CPU
		{C673FF2E-4127-4796-A347-390C43BCEF5A}.Debug|Any CPU.Build.0 = Debug|Any CPU
		{C673FF2E-4127-4796-A347-390C43BCEF5A}.Release|Any CPU.ActiveCfg = Release|Any CPU
		{C673FF2E-4127-4796-A347-390C43BCEF5A}.Release|Any CPU.Build.0 = Release|Any CPU
		{DEA3D429-50BA-4D22-BCA9-E6A5C6B2ABCD}.Debug|Any CPU.ActiveCfg = Debug|Any CPU
		{DEA3D429-50BA-4D22-BCA9-E6A5C6B2ABCD}.Debug|Any CPU.Build.0 = Debug|Any CPU
		{DEA3D429-50BA-4D22-BCA9-E6A5C6B2ABCD}.Release|Any CPU.ActiveCfg = Release|Any CPU
		{DEA3D429-50BA-4D22-BCA9-E6A5C6B2ABCD}.Release|Any CPU.Build.0 = Release|Any CPU
		{219CC083-36DF-4FC0-B27D-C41187A23CFF}.Debug|Any CPU.ActiveCfg = Debug|Any CPU
		{219CC083-36DF-4FC0-B27D-C41187A23CFF}.Debug|Any CPU.Build.0 = Debug|Any CPU
		{219CC083-36DF-4FC0-B27D-C41187A23CFF}.Release|Any CPU.ActiveCfg = Release|Any CPU
		{219CC083-36DF-4FC0-B27D-C41187A23CFF}.Release|Any CPU.Build.0 = Release|Any CPU
		{24DD644F-168E-448C-A700-8C362F1D6495}.Debug|Any CPU.ActiveCfg = Debug|Any CPU
		{24DD644F-168E-448C-A700-8C362F1D6495}.Debug|Any CPU.Build.0 = Debug|Any CPU
		{24DD644F-168E-448C-A700-8C362F1D6495}.Release|Any CPU.ActiveCfg = Release|Any CPU
		{24DD644F-168E-448C-A700-8C362F1D6495}.Release|Any CPU.Build.0 = Release|Any CPU
		{49D68BC1-B61B-4125-AE72-D1E017E3A20C}.Debug|Any CPU.ActiveCfg = Debug|Any CPU
		{49D68BC1-B61B-4125-AE72-D1E017E3A20C}.Debug|Any CPU.Build.0 = Debug|Any CPU
		{49D68BC1-B61B-4125-AE72-D1E017E3A20C}.Release|Any CPU.ActiveCfg = Release|Any CPU
		{49D68BC1-B61B-4125-AE72-D1E017E3A20C}.Release|Any CPU.Build.0 = Release|Any CPU
		{65DAE2B3-0AFE-4F5D-BB3A-7341FFFFA5F6}.Debug|Any CPU.ActiveCfg = Debug|Any CPU
		{65DAE2B3-0AFE-4F5D-BB3A-7341FFFFA5F6}.Debug|Any CPU.Build.0 = Debug|Any CPU
		{65DAE2B3-0AFE-4F5D-BB3A-7341FFFFA5F6}.Release|Any CPU.ActiveCfg = Release|Any CPU
		{65DAE2B3-0AFE-4F5D-BB3A-7341FFFFA5F6}.Release|Any CPU.Build.0 = Release|Any CPU
		{19C44592-1430-44D5-BC00-F7696AC959CF}.Debug|Any CPU.ActiveCfg = Debug|Any CPU
		{19C44592-1430-44D5-BC00-F7696AC959CF}.Debug|Any CPU.Build.0 = Debug|Any CPU
		{19C44592-1430-44D5-BC00-F7696AC959CF}.Release|Any CPU.ActiveCfg = Release|Any CPU
		{19C44592-1430-44D5-BC00-F7696AC959CF}.Release|Any CPU.Build.0 = Release|Any CPU
		{FF3FC04B-DCCC-45D4-9314-8DCFD7313AA9}.Debug|Any CPU.ActiveCfg = Debug|Any CPU
		{FF3FC04B-DCCC-45D4-9314-8DCFD7313AA9}.Debug|Any CPU.Build.0 = Debug|Any CPU
		{FF3FC04B-DCCC-45D4-9314-8DCFD7313AA9}.Release|Any CPU.ActiveCfg = Release|Any CPU
		{FF3FC04B-DCCC-45D4-9314-8DCFD7313AA9}.Release|Any CPU.Build.0 = Release|Any CPU
		{AB6CE179-4228-474F-A50E-9A903F5B8550}.Debug|Any CPU.ActiveCfg = Debug|Any CPU
		{AB6CE179-4228-474F-A50E-9A903F5B8550}.Debug|Any CPU.Build.0 = Debug|Any CPU
		{AB6CE179-4228-474F-A50E-9A903F5B8550}.Release|Any CPU.ActiveCfg = Release|Any CPU
		{AB6CE179-4228-474F-A50E-9A903F5B8550}.Release|Any CPU.Build.0 = Release|Any CPU
		{C0F43F68-B603-4268-9BD8-08D8DC5E1EB9}.Debug|Any CPU.ActiveCfg = Debug|Any CPU
		{C0F43F68-B603-4268-9BD8-08D8DC5E1EB9}.Debug|Any CPU.Build.0 = Debug|Any CPU
		{C0F43F68-B603-4268-9BD8-08D8DC5E1EB9}.Release|Any CPU.ActiveCfg = Release|Any CPU
		{C0F43F68-B603-4268-9BD8-08D8DC5E1EB9}.Release|Any CPU.Build.0 = Release|Any CPU
		{2870B919-0568-44B4-881C-918AB8D765C3}.Debug|Any CPU.ActiveCfg = Debug|Any CPU
		{2870B919-0568-44B4-881C-918AB8D765C3}.Debug|Any CPU.Build.0 = Debug|Any CPU
		{2870B919-0568-44B4-881C-918AB8D765C3}.Release|Any CPU.ActiveCfg = Release|Any CPU
		{2870B919-0568-44B4-881C-918AB8D765C3}.Release|Any CPU.Build.0 = Release|Any CPU
		{3661F2A6-DD05-4169-8F5E-93D484DD6D14}.Debug|Any CPU.ActiveCfg = Debug|Any CPU
		{3661F2A6-DD05-4169-8F5E-93D484DD6D14}.Debug|Any CPU.Build.0 = Debug|Any CPU
		{3661F2A6-DD05-4169-8F5E-93D484DD6D14}.Release|Any CPU.ActiveCfg = Release|Any CPU
		{3661F2A6-DD05-4169-8F5E-93D484DD6D14}.Release|Any CPU.Build.0 = Release|Any CPU
		{25E11207-8ED5-43FA-919A-7819D92C0651}.Debug|Any CPU.ActiveCfg = Debug|Any CPU
		{25E11207-8ED5-43FA-919A-7819D92C0651}.Debug|Any CPU.Build.0 = Debug|Any CPU
		{25E11207-8ED5-43FA-919A-7819D92C0651}.Release|Any CPU.ActiveCfg = Release|Any CPU
		{25E11207-8ED5-43FA-919A-7819D92C0651}.Release|Any CPU.Build.0 = Release|Any CPU
		{4FF6331D-1D9E-46D9-AB1B-EB06163B6F81}.Debug|Any CPU.ActiveCfg = Debug|Any CPU
		{4FF6331D-1D9E-46D9-AB1B-EB06163B6F81}.Debug|Any CPU.Build.0 = Debug|Any CPU
		{4FF6331D-1D9E-46D9-AB1B-EB06163B6F81}.Release|Any CPU.ActiveCfg = Release|Any CPU
		{4FF6331D-1D9E-46D9-AB1B-EB06163B6F81}.Release|Any CPU.Build.0 = Release|Any CPU
		{4AE7F969-AC5B-4294-88E3-00F0DAD1CE1C}.Debug|Any CPU.ActiveCfg = Debug|Any CPU
		{4AE7F969-AC5B-4294-88E3-00F0DAD1CE1C}.Debug|Any CPU.Build.0 = Debug|Any CPU
		{4AE7F969-AC5B-4294-88E3-00F0DAD1CE1C}.Release|Any CPU.ActiveCfg = Release|Any CPU
		{4AE7F969-AC5B-4294-88E3-00F0DAD1CE1C}.Release|Any CPU.Build.0 = Release|Any CPU
		{829EC478-03EF-44D5-BE9A-1E76E62573DC}.Debug|Any CPU.ActiveCfg = Debug|Any CPU
		{829EC478-03EF-44D5-BE9A-1E76E62573DC}.Debug|Any CPU.Build.0 = Debug|Any CPU
		{829EC478-03EF-44D5-BE9A-1E76E62573DC}.Release|Any CPU.ActiveCfg = Release|Any CPU
		{829EC478-03EF-44D5-BE9A-1E76E62573DC}.Release|Any CPU.Build.0 = Release|Any CPU
		{736F2136-9221-4501-BA8A-C31F875B5B22}.Debug|Any CPU.ActiveCfg = Debug|Any CPU
		{736F2136-9221-4501-BA8A-C31F875B5B22}.Debug|Any CPU.Build.0 = Debug|Any CPU
		{736F2136-9221-4501-BA8A-C31F875B5B22}.Release|Any CPU.ActiveCfg = Release|Any CPU
		{736F2136-9221-4501-BA8A-C31F875B5B22}.Release|Any CPU.Build.0 = Release|Any CPU
		{84158C5A-3189-4967-AC3A-3D9746085F79}.Debug|Any CPU.ActiveCfg = Debug|Any CPU
		{84158C5A-3189-4967-AC3A-3D9746085F79}.Debug|Any CPU.Build.0 = Debug|Any CPU
		{84158C5A-3189-4967-AC3A-3D9746085F79}.Release|Any CPU.ActiveCfg = Release|Any CPU
		{84158C5A-3189-4967-AC3A-3D9746085F79}.Release|Any CPU.Build.0 = Release|Any CPU
		{7331672A-CE50-4F92-810D-F828756256D8}.Debug|Any CPU.ActiveCfg = Debug|Any CPU
		{7331672A-CE50-4F92-810D-F828756256D8}.Debug|Any CPU.Build.0 = Debug|Any CPU
		{7331672A-CE50-4F92-810D-F828756256D8}.Release|Any CPU.ActiveCfg = Release|Any CPU
		{7331672A-CE50-4F92-810D-F828756256D8}.Release|Any CPU.Build.0 = Release|Any CPU
		{2E71DB44-B3B5-47C6-8D82-EF777F995D32}.Debug|Any CPU.ActiveCfg = Debug|Any CPU
		{2E71DB44-B3B5-47C6-8D82-EF777F995D32}.Debug|Any CPU.Build.0 = Debug|Any CPU
		{2E71DB44-B3B5-47C6-8D82-EF777F995D32}.Release|Any CPU.ActiveCfg = Release|Any CPU
		{2E71DB44-B3B5-47C6-8D82-EF777F995D32}.Release|Any CPU.Build.0 = Release|Any CPU
		{DC48ECAB-31B6-44C7-85AF-7173378125DC}.Debug|Any CPU.ActiveCfg = Debug|Any CPU
		{DC48ECAB-31B6-44C7-85AF-7173378125DC}.Debug|Any CPU.Build.0 = Debug|Any CPU
		{DC48ECAB-31B6-44C7-85AF-7173378125DC}.Release|Any CPU.ActiveCfg = Release|Any CPU
		{DC48ECAB-31B6-44C7-85AF-7173378125DC}.Release|Any CPU.Build.0 = Release|Any CPU
		{275C8BD6-7BE0-4C66-9EDD-55A9A5438640}.Debug|Any CPU.ActiveCfg = Debug|Any CPU
		{275C8BD6-7BE0-4C66-9EDD-55A9A5438640}.Debug|Any CPU.Build.0 = Debug|Any CPU
		{275C8BD6-7BE0-4C66-9EDD-55A9A5438640}.Release|Any CPU.ActiveCfg = Release|Any CPU
		{275C8BD6-7BE0-4C66-9EDD-55A9A5438640}.Release|Any CPU.Build.0 = Release|Any CPU
		{C50F592F-E27D-46CC-8F42-9456A9CF8A5F}.Debug|Any CPU.ActiveCfg = Debug|Any CPU
		{C50F592F-E27D-46CC-8F42-9456A9CF8A5F}.Debug|Any CPU.Build.0 = Debug|Any CPU
		{C50F592F-E27D-46CC-8F42-9456A9CF8A5F}.Release|Any CPU.ActiveCfg = Release|Any CPU
		{C50F592F-E27D-46CC-8F42-9456A9CF8A5F}.Release|Any CPU.Build.0 = Release|Any CPU
	EndGlobalSection
	GlobalSection(SolutionProperties) = preSolution
		HideSolutionNode = FALSE
	EndGlobalSection
	GlobalSection(NestedProjects) = preSolution
		{2F6CFB8C-28EB-4ACA-8D99-334C3B766A7B} = {CACE05E7-F515-4629-AFBA-0F790285FE87}
		{C673FF2E-4127-4796-A347-390C43BCEF5A} = {2F6CFB8C-28EB-4ACA-8D99-334C3B766A7B}
		{DEA3D429-50BA-4D22-BCA9-E6A5C6B2ABCD} = {2F6CFB8C-28EB-4ACA-8D99-334C3B766A7B}
		{219CC083-36DF-4FC0-B27D-C41187A23CFF} = {2F6CFB8C-28EB-4ACA-8D99-334C3B766A7B}
		{BE709C87-6594-4CBF-8798-B93076F20F73} = {CE9970F0-A38C-47C0-9492-E6CA37D8E4BD}
		{24DD644F-168E-448C-A700-8C362F1D6495} = {BE709C87-6594-4CBF-8798-B93076F20F73}
		{49D68BC1-B61B-4125-AE72-D1E017E3A20C} = {BE709C87-6594-4CBF-8798-B93076F20F73}
		{65DAE2B3-0AFE-4F5D-BB3A-7341FFFFA5F6} = {BE709C87-6594-4CBF-8798-B93076F20F73}
		{19C44592-1430-44D5-BC00-F7696AC959CF} = {BE709C87-6594-4CBF-8798-B93076F20F73}
		{FF3FC04B-DCCC-45D4-9314-8DCFD7313AA9} = {BE709C87-6594-4CBF-8798-B93076F20F73}
		{AF75B5C0-B370-4FA9-8427-95166FCF4272} = {CE9970F0-A38C-47C0-9492-E6CA37D8E4BD}
		{AB6CE179-4228-474F-A50E-9A903F5B8550} = {AF75B5C0-B370-4FA9-8427-95166FCF4272}
		{C0F43F68-B603-4268-9BD8-08D8DC5E1EB9} = {AF75B5C0-B370-4FA9-8427-95166FCF4272}
		{2870B919-0568-44B4-881C-918AB8D765C3} = {AF75B5C0-B370-4FA9-8427-95166FCF4272}
		{3661F2A6-DD05-4169-8F5E-93D484DD6D14} = {AF75B5C0-B370-4FA9-8427-95166FCF4272}
		{25E11207-8ED5-43FA-919A-7819D92C0651} = {AF75B5C0-B370-4FA9-8427-95166FCF4272}
		{F0353433-34FC-415D-8AC8-3BF9E038215B} = {CE9970F0-A38C-47C0-9492-E6CA37D8E4BD}
		{4FF6331D-1D9E-46D9-AB1B-EB06163B6F81} = {F0353433-34FC-415D-8AC8-3BF9E038215B}
		{4AE7F969-AC5B-4294-88E3-00F0DAD1CE1C} = {F0353433-34FC-415D-8AC8-3BF9E038215B}
		{829EC478-03EF-44D5-BE9A-1E76E62573DC} = {F0353433-34FC-415D-8AC8-3BF9E038215B}
		{736F2136-9221-4501-BA8A-C31F875B5B22} = {F0353433-34FC-415D-8AC8-3BF9E038215B}
		{11F63882-E103-4ED9-9F26-68597C5C2E8C} = {CE9970F0-A38C-47C0-9492-E6CA37D8E4BD}
		{84158C5A-3189-4967-AC3A-3D9746085F79} = {11F63882-E103-4ED9-9F26-68597C5C2E8C}
		{7331672A-CE50-4F92-810D-F828756256D8} = {11F63882-E103-4ED9-9F26-68597C5C2E8C}
		{2E71DB44-B3B5-47C6-8D82-EF777F995D32} = {462D9C95-D384-4C7D-A808-06497A28CE45}
		{DC48ECAB-31B6-44C7-85AF-7173378125DC} = {462D9C95-D384-4C7D-A808-06497A28CE45}
		{275C8BD6-7BE0-4C66-9EDD-55A9A5438640} = {462D9C95-D384-4C7D-A808-06497A28CE45}
		{52AE5725-11A0-4D10-AB97-B8D21C838988} = {630BD580-CF15-48F0-BB36-A4BEAC9F5B49}
		{71BC7C0E-94D0-4FFD-BE76-A9CD9CF453A4} = {630BD580-CF15-48F0-BB36-A4BEAC9F5B49}
	EndGlobalSection
	GlobalSection(ExtensibilityGlobals) = postSolution
		SolutionGuid = {41E75FC8-A7F9-4763-9032-9B13496E0EAC}
	EndGlobalSection
EndGlobal
